<Solution>
  <Folder Name="/Solution Items/">
    <File Path="docker-compose.yml" />
    <File Path="init.sql" />
  </Folder>
  <Project Path="TransactionFlow.Application/TransactionFlow.Application.csproj" Id="003ffe54-c175-4e6c-bf55-9db5bb8fe7cb" />
  <Project Path="TransactionFlow.Contracts/TransactionFlow.Contracts.csproj" Id="ca79f2d0-39a5-4f92-88ac-040783dca18d" />
  <Project Path="TransactionFlow.Domain.Tests/TransactionFlow.Domain.Tests.csproj" Id="85c3decf-a0f3-48fa-8cd1-bd2822db97c2" />
  <Project Path="TransactionFlow.Domain/TransactionFlow.Domain.csproj" Id="1c8bd872-a3d3-4c8b-942c-59e53e7d3fcc" />
  <Project Path="TransactionFlow.Infrastructure/TransactionFlow.Infrastructure.csproj" Id="525b74a3-de1a-4659-b6df-ee81e8d45183" />
  <Project Path="TransactionFlow.Integration.Tests/TransactionFlow.Integration.Tests.csproj" Id="7d155ac7-c85f-4d05-9793-afdf0dbe7d2d" />
  <Project Path="TransactionFlow.Producer/TransactionFlow.Producer.csproj" Id="5f7fb5ec-c390-4a96-9742-423a29c30537" />
  <Project Path="TransactionFlow.Worker/TransactionFlow.Worker.csproj" Id="373945e9-57b3-4672-b650-9fa99a3844df" />
</Solution>
